
Microsoft Visual Studio Solution File, Format Version 12.00
# Visual Studio 15
VisualStudioVersion = 15.0.34031.82
MinimumVisualStudioVersion = 10.0.40219.1
Project("{FAE04EC0-301F-11D3-BF4B-00C04F79EFBC}") = "SantanderBPCS", "SantanderBPCS\SantanderBPCS.csproj", "{4F50BF95-97CA-44ED-8A53-9C587C7D25EB}"
EndProject
Global
	GlobalSection(SolutionConfigurationPlatforms) = preSolution
		Debug|Any CPU = Debug|Any CPU
		Release|Any CPU = Release|Any CPU
	EndGlobalSection
	GlobalSection(ProjectConfigurationPlatforms) = postSolution
		{4F50BF95-97CA-44ED-8A53-9C587C7D25EB}.Debug|Any CPU.ActiveCfg = Debug|Any CPU
		{4F50BF95-97CA-44ED-8A53-9C587C7D25EB}.Debug|Any CPU.Build.0 = Debug|Any CPU
		{4F50BF95-97CA-44ED-8A53-9C587C7D25EB}.Release|Any CPU.ActiveCfg = Release|Any CPU
		{4F50BF95-97CA-44ED-8A53-9C587C7D25EB}.Release|Any CPU.Build.0 = Release|Any CPU
	EndGlobalSection
	GlobalSection(SolutionProperties) = preSolution
		HideSolutionNode = FALSE
	EndGlobalSection
	GlobalSection(ExtensibilityGlobals) = postSolution
		SolutionGuid = {35B5E036-2507-40B3-99CB-3368207C9EA1}
	EndGlobalSection
EndGlobal
